<?xml version="1.0" encoding="utf-8"?>
<Project ToolsVersion="4.0" xmlns="http://schemas.microsoft.com/developer/msbuild/2003">
  <ItemGroup>
    <Filter Include="Source Files">
      <UniqueIdentifier>{4FC737F1-C7A5-4376-A066-2A32D752A2FF}</UniqueIdentifier>
      <Extensions>cpp;c;cc;cxx;c++;cppm;ixx;def;odl;idl;hpj;bat;asm;asmx</Extensions>
    </Filter>
    <Filter Include="Header Files">
      <UniqueIdentifier>{93995380-89BD-4b04-88EB-625FBE52EBFB}</UniqueIdentifier>
      <Extensions>h;hh;hpp;hxx;h++;hm;inl;inc;ipp;xsd</Extensions>
    </Filter>
    <Filter Include="Resource Files">
      <UniqueIdentifier>{67DA6AB6-F800-4c08-8B7A-83BB121AAD01}</UniqueIdentifier>
      <Extensions>rc;ico;cur;bmp;dlg;rc2;rct;bin;rgs;gif;jpg;jpeg;jpe;resx;tiff;tif;png;wav;mfcribbon-ms</Extensions>
    </Filter>
  </ItemGroup>
  <ItemGroup>
    <ClInclude Include="..\..\moja ukohana kursowa\utils.h">
      <Filter>Source Files</Filter>
    </ClInclude>
    <ClInclude Include="..\..\moja ukohana kursowa\Shape.h">
      <Filter>Source Files</Filter>
    </ClInclude>
    <ClInclude Include="..\..\moja ukohana kursowa\Scene.h">
      <Filter>Source Files</Filter>
    </ClInclude>
    <ClInclude Include="..\..\moja ukohana kursowa\Grid.h">
      <Filter>Source Files</Filter>
    </ClInclude>
    <ClInclude Include="..\..\moja ukohana kursowa\Disk.h">
      <Filter>Source Files</Filter>
    </ClInclude>
    <ClInclude Include="..\..\moja ukohana kursowa\Cross.h">
      <Filter>Source Files</Filter>
    </ClInclude>
    <ClInclude Include="..\..\moja ukohana kursowa\Board.h">
      <Filter>Source Files</Filter>
    </ClInclude>
    <ClInclude Include="..\..\..\..\Downloads\freeglut\include\GL\freeglut.h">
      <Filter>Source Files</Filter>
    </ClInclude>
    <ClInclude Include="..\..\..\..\Downloads\freeglut\include\GL\freeglut_ext.h">
      <Filter>Source Files</Filter>
    </ClInclude>
    <ClInclude Include="..\..\..\..\Downloads\freeglut\include\GL\freeglut_std.h">
      <Filter>Source Files</Filter>
    </ClInclude>
    <ClInclude Include="..\..\..\..\Downloads\freeglut\include\GL\glut.h">
      <Filter>Source Files</Filter>
    </ClInclude>
  </ItemGroup>
  <ItemGroup>
    <ClCompile Include="..\..\moja ukohana kursowa\utils.cpp">
      <Filter>Source Files</Filter>
    </ClCompile>
    <ClCompile Include="..\..\moja ukohana kursowa\Shape.cpp">
      <Filter>Source Files</Filter>
    </ClCompile>
    <ClCompile Include="..\..\moja ukohana kursowa\Scene.cpp">
      <Filter>Source Files</Filter>
    </ClCompile>
    <ClCompile Include="..\..\moja ukohana kursowa\main.cpp">
      <Filter>Source Files</Filter>
    </ClCompile>
    <ClCompile Include="..\..\moja ukohana kursowa\Grid.cpp">
      <Filter>Source Files</Filter>
    </ClCompile>
    <ClCompile Include="..\..\moja ukohana kursowa\Disk.cpp">
      <Filter>Source Files</Filter>
    </ClCompile>
    <ClCompile Include="..\..\moja ukohana kursowa\Cross.cpp">
      <Filter>Source Files</Filter>
    </ClCompile>
    <ClCompile Include="..\..\moja ukohana kursowa\Board.cpp">
      <Filter>Source Files</Filter>
    </ClCompile>
  </ItemGroup>
  <ItemGroup>
    <None Include="..\..\..\..\Downloads\freeglut\bin\freeglut.dll">
      <Filter>Source Files</Filter>
    </None>
  </ItemGroup>
  <ItemGroup>
    <Library Include="..\..\..\..\Downloads\freeglut\lib\x64\freeglut.lib">
      <Filter>Source Files</Filter>
    </Library>
  </ItemGroup>
</Project>